
Microsoft Visual Studio Solution File, Format Version 12.00
# Visual Studio Version 17
VisualStudioVersion = 17.5.002.0
MinimumVisualStudioVersion = 10.0.40219.1
Project("{2150E333-8FDC-42A3-9474-1A3956D46DE8}") = "2024", "2024", "{E022C166-D419-4EBE-82AE-50A6440BDC6E}"
EndProject
Project("{2150E333-8FDC-42A3-9474-1A3956D46DE8}") = "solutions", "solutions", "{E8B1D5F0-8372-4510-B591-5F4EAC528868}"
EndProject
Project("{2150E333-8FDC-42A3-9474-1A3956D46DE8}") = "csharp", "csharp", "{47E6615C-4DDF-4234-9C35-65ECAC1A44D3}"
EndProject
Project("{9A19103F-16F7-4668-BE54-9A1E7A4F7556}") = "01", "2024\solutions\csharp\01\01.csproj", "{1F7895C2-36F8-434B-AF32-8825B7CF077D}"
EndProject
Project("{FAE04EC0-301F-11D3-BF4B-00C04F79EFBC}") = "02", "2024\solutions\csharp\02\02.csproj", "{9A7D2CEB-53A6-4133-9DD7-9C3A19A8C8A9}"
EndProject
Global
	GlobalSection(SolutionConfigurationPlatforms) = preSolution
		Debug|Any CPU = Debug|Any CPU
		Release|Any CPU = Release|Any CPU
	EndGlobalSection
	GlobalSection(ProjectConfigurationPlatforms) = postSolution
		{1F7895C2-36F8-434B-AF32-8825B7CF077D}.Debug|Any CPU.ActiveCfg = Debug|Any CPU
		{1F7895C2-36F8-434B-AF32-8825B7CF077D}.Debug|Any CPU.Build.0 = Debug|Any CPU
		{1F7895C2-36F8-434B-AF32-8825B7CF077D}.Release|Any CPU.ActiveCfg = Release|Any CPU
		{1F7895C2-36F8-434B-AF32-8825B7CF077D}.Release|Any CPU.Build.0 = Release|Any CPU
		{9A7D2CEB-53A6-4133-9DD7-9C3A19A8C8A9}.Debug|Any CPU.ActiveCfg = Debug|Any CPU
		{9A7D2CEB-53A6-4133-9DD7-9C3A19A8C8A9}.Debug|Any CPU.Build.0 = Debug|Any CPU
		{9A7D2CEB-53A6-4133-9DD7-9C3A19A8C8A9}.Release|Any CPU.ActiveCfg = Release|Any CPU
		{9A7D2CEB-53A6-4133-9DD7-9C3A19A8C8A9}.Release|Any CPU.Build.0 = Release|Any CPU
	EndGlobalSection
	GlobalSection(SolutionProperties) = preSolution
		HideSolutionNode = FALSE
	EndGlobalSection
	GlobalSection(NestedProjects) = preSolution
		{E8B1D5F0-8372-4510-B591-5F4EAC528868} = {E022C166-D419-4EBE-82AE-50A6440BDC6E}
		{47E6615C-4DDF-4234-9C35-65ECAC1A44D3} = {E8B1D5F0-8372-4510-B591-5F4EAC528868}
		{1F7895C2-36F8-434B-AF32-8825B7CF077D} = {47E6615C-4DDF-4234-9C35-65ECAC1A44D3}
		{9A7D2CEB-53A6-4133-9DD7-9C3A19A8C8A9} = {47E6615C-4DDF-4234-9C35-65ECAC1A44D3}
	EndGlobalSection
	GlobalSection(ExtensibilityGlobals) = postSolution
		SolutionGuid = {55D62DC4-6F52-4DEA-A940-5FA2F2614B7D}
	EndGlobalSection
EndGlobal
